
Microsoft Visual Studio Solution File, Format Version 12.00
# Visual Studio 14
VisualStudioVersion = 14.0.24720.0
MinimumVisualStudioVersion = 10.0.40219.1
Project("{FAE04EC0-301F-11D3-BF4B-00C04F79EFBC}") = "EcoleTLN", "EcoleTLN\EcoleTLN.csproj", "{D5424D76-8CF9-42DB-B911-C93D16B9441B}"
EndProject
Global
	GlobalSection(SolutionConfigurationPlatforms) = preSolution
		Debug|Any CPU = Debug|Any CPU
		Release|Any CPU = Release|Any CPU
	EndGlobalSection
	GlobalSection(ProjectConfigurationPlatforms) = postSolution
		{D5424D76-8CF9-42DB-B911-C93D16B9441B}.Debug|Any CPU.ActiveCfg = Debug|Any CPU
		{D5424D76-8CF9-42DB-B911-C93D16B9441B}.Debug|Any CPU.Build.0 = Debug|Any CPU
		{D5424D76-8CF9-42DB-B911-C93D16B9441B}.Release|Any CPU.ActiveCfg = Release|Any CPU
		{D5424D76-8CF9-42DB-B911-C93D16B9441B}.Release|Any CPU.Build.0 = Release|Any CPU
	EndGlobalSection
	GlobalSection(SolutionProperties) = preSolution
		HideSolutionNode = FALSE
	EndGlobalSection
EndGlobal
